
Microsoft Visual Studio Solution File, Format Version 12.00
# Visual Studio 15
VisualStudioVersion = 15.0.28307.489
MinimumVisualStudioVersion = 10.0.40219.1
Project("{FAE04EC0-301F-11D3-BF4B-00C04F79EFBC}") = "CompanyProfile", "CompanyProfile\CompanyProfile.csproj", "{C84C8703-B145-4485-AE91-52F5D5C43A5B}"
EndProject
Global
	GlobalSection(SolutionConfigurationPlatforms) = preSolution
		Debug|Any CPU = Debug|Any CPU
		Release|Any CPU = Release|Any CPU
	EndGlobalSection
	GlobalSection(ProjectConfigurationPlatforms) = postSolution
		{C84C8703-B145-4485-AE91-52F5D5C43A5B}.Debug|Any CPU.ActiveCfg = Debug|Any CPU
		{C84C8703-B145-4485-AE91-52F5D5C43A5B}.Debug|Any CPU.Build.0 = Debug|Any CPU
		{C84C8703-B145-4485-AE91-52F5D5C43A5B}.Release|Any CPU.ActiveCfg = Release|Any CPU
		{C84C8703-B145-4485-AE91-52F5D5C43A5B}.Release|Any CPU.Build.0 = Release|Any CPU
	EndGlobalSection
	GlobalSection(SolutionProperties) = preSolution
		HideSolutionNode = FALSE
	EndGlobalSection
	GlobalSection(ExtensibilityGlobals) = postSolution
		SolutionGuid = {8D4CAE84-DE96-4137-A053-C97E44775591}
	EndGlobalSection
EndGlobal
